<?xml version="1.0" encoding="utf-8"?>
<Project ToolsVersion="4.0" xmlns="http://schemas.microsoft.com/developer/msbuild/2003">
  <ItemGroup>
    <ClCompile Include="Pathtracer.cpp" />
    <ClCompile Include="Passes\ConstantColorPass.cpp">
      <Filter>Passes</Filter>
    </ClCompile>
    <ClCompile Include="..\SharedUtils\RenderingPipeline.cpp">
      <Filter>SharedUtils</Filter>
    </ClCompile>
    <ClCompile Include="..\SharedUtils\RenderPass.cpp">
      <Filter>SharedUtils</Filter>
    </ClCompile>
    <ClCompile Include="..\SharedUtils\ResourceManager.cpp">
      <Filter>SharedUtils</Filter>
    </ClCompile>
    <ClCompile Include="..\SharedUtils\SceneLoaderWrapper.cpp">
      <Filter>SharedUtils</Filter>
    </ClCompile>
    <ClCompile Include="Passes\SinusoidRasterPass.cpp">
      <Filter>Passes</Filter>
    </ClCompile>
    <ClCompile Include="..\SharedUtils\FullscreenLaunch.cpp">
      <Filter>SharedUtils</Filter>
    </ClCompile>
    <ClCompile Include="..\SharedUtils\SimpleVars.cpp">
      <Filter>SharedUtils</Filter>
    </ClCompile>
    <ClCompile Include="Passes\CopyToOutputPass.cpp">
      <Filter>Passes</Filter>
    </ClCompile>
    <ClCompile Include="Passes\SimpleGBufferPass.cpp">
      <Filter>Passes</Filter>
    </ClCompile>
    <ClCompile Include="..\SharedUtils\RasterLaunch.cpp">
      <Filter>SharedUtils</Filter>
    </ClCompile>
    <ClCompile Include="..\SharedUtils\RayLaunch.cpp">
      <Filter>SharedUtils</Filter>
    </ClCompile>
    <ClCompile Include="Passes\RayTracedGBufferPass.cpp">
      <Filter>Passes</Filter>
    </ClCompile>
    <ClCompile Include="Passes\AmbientOcclusionPass.cpp">
      <Filter>Passes</Filter>
    </ClCompile>
    <ClCompile Include="Passes\SimpleAccumulationPass.cpp">
      <Filter>Passes</Filter>
    </ClCompile>
    <ClCompile Include="Passes\JitteredGBufferPass.cpp">
      <Filter>Passes</Filter>
    </ClCompile>
    <ClCompile Include="Passes\ThinLensGBufferPass.cpp">
      <Filter>Passes</Filter>
    </ClCompile>
    <ClCompile Include="Passes\LambertianPass.cpp">
      <Filter>Passes</Filter>
    </ClCompile>
    <ClCompile Include="Passes\LightProbeGBufferPass.cpp">
      <Filter>Passes</Filter>
    </ClCompile>
    <ClCompile Include="Passes\DiffuseOneShadowRayPass.cpp">
      <Filter>Passes</Filter>
    </ClCompile>
  </ItemGroup>
  <ItemGroup>
    <ClInclude Include="Passes\ConstantColorPass.h">
      <Filter>Passes</Filter>
    </ClInclude>
    <ClInclude Include="..\SharedUtils\RenderingPipeline.h">
      <Filter>SharedUtils</Filter>
    </ClInclude>
    <ClInclude Include="..\SharedUtils\RenderPass.h">
      <Filter>SharedUtils</Filter>
    </ClInclude>
    <ClInclude Include="..\SharedUtils\ResourceManager.h">
      <Filter>SharedUtils</Filter>
    </ClInclude>
    <ClInclude Include="..\SharedUtils\SceneLoaderWrapper.h">
      <Filter>SharedUtils</Filter>
    </ClInclude>
    <ClInclude Include="Passes\SinusoidRasterPass.h">
      <Filter>Passes</Filter>
    </ClInclude>
    <ClInclude Include="..\SharedUtils\FullscreenLaunch.h">
      <Filter>SharedUtils</Filter>
    </ClInclude>
    <ClInclude Include="..\SharedUtils\SimpleVars.h">
      <Filter>SharedUtils</Filter>
    </ClInclude>
    <ClInclude Include="Passes\CopyToOutputPass.h">
      <Filter>Passes</Filter>
    </ClInclude>
    <ClInclude Include="Passes\SimpleGBufferPass.h">
      <Filter>Passes</Filter>
    </ClInclude>
    <ClInclude Include="..\SharedUtils\RasterLaunch.h">
      <Filter>SharedUtils</Filter>
    </ClInclude>
    <ClInclude Include="..\SharedUtils\RayLaunch.h">
      <Filter>SharedUtils</Filter>
    </ClInclude>
    <ClInclude Include="Passes\RayTracedGBufferPass.h">
      <Filter>Passes</Filter>
    </ClInclude>
    <ClInclude Include="Passes\AmbientOcclusionPass.h">
      <Filter>Passes</Filter>
    </ClInclude>
    <ClInclude Include="Passes\SimpleAccumulationPass.h">
      <Filter>Passes</Filter>
    </ClInclude>
    <ClInclude Include="Passes\JitteredGBufferPass.h">
      <Filter>Passes</Filter>
    </ClInclude>
    <ClInclude Include="Passes\ThinLensGBufferPass.h">
      <Filter>Passes</Filter>
    </ClInclude>
    <ClInclude Include="Passes\LambertianPass.h">
      <Filter>Passes</Filter>
    </ClInclude>
    <ClInclude Include="Passes\LightProbeGBufferPass.h">
      <Filter>Passes</Filter>
    </ClInclude>
    <ClInclude Include="Passes\DiffuseOneShadowRayPass.h">
      <Filter>Passes</Filter>
    </ClInclude>
  </ItemGroup>
  <ItemGroup>
    <Filter Include="Passes">
      <UniqueIdentifier>{1b0a3e88-ca87-4df6-93d9-b036deeaa2b6}</UniqueIdentifier>
    </Filter>
    <Filter Include="SharedUtils">
      <UniqueIdentifier>{f3c20e23-3e57-4a92-b0a1-1a859aad0bcd}</UniqueIdentifier>
    </Filter>
    <Filter Include="Shaders">
      <UniqueIdentifier>{b3ebe97c-ee55-4911-80ba-78fa109e1448}</UniqueIdentifier>
    </Filter>
  </ItemGroup>
  <ItemGroup>
    <FxCompile Include="Shaders\sinusoid.ps.hlsl">
      <Filter>Shaders</Filter>
    </FxCompile>
    <FxCompile Include="Shaders\gBuffer.ps.hlsl">
      <Filter>Shaders</Filter>
    </FxCompile>
    <FxCompile Include="Shaders\gBuffer.vs.hlsl">
      <Filter>Shaders</Filter>
    </FxCompile>
    <FxCompile Include="Shaders\rtGBuffer.hlsl">
      <Filter>Shaders</Filter>
    </FxCompile>
    <FxCompile Include="Shaders\aoTracing.hlsl">
      <Filter>Shaders</Filter>
    </FxCompile>
    <FxCompile Include="Shaders\accumulation.ps.hlsl">
      <Filter>Shaders</Filter>
    </FxCompile>
    <FxCompile Include="Shaders\thinLensGBuffer.hlsl">
      <Filter>Shaders</Filter>
    </FxCompile>
    <FxCompile Include="Shaders\lambertian.hlsl">
      <Filter>Shaders</Filter>
    </FxCompile>
    <FxCompile Include="Shaders\lightProbeGBuffer.hlsl">
      <Filter>Shaders</Filter>
    </FxCompile>
    <FxCompile Include="Shaders\diffuseOneShadow.hlsl">
      <Filter>Shaders</Filter>
    </FxCompile>
  </ItemGroup>
  <ItemGroup>
    <None Include="Shaders\alphaTest.hlsli">
      <Filter>Shaders</Filter>
    </None>
    <None Include="Shaders\hlslUtils.hlsli">
      <Filter>Shaders</Filter>
    </None>
    <None Include="Shaders\thinLensUtils.hlsli">
      <Filter>Shaders</Filter>
    </None>
    <None Include="Shaders\lambertianUtils.hlsli">
      <Filter>Shaders</Filter>
    </None>
    <None Include="Shaders\lightProbeGBufferUtils.hlsli">
      <Filter>Shaders</Filter>
    </None>
    <None Include="Shaders\diffuseOneShadowUtils.hlsli">
      <Filter>Shaders</Filter>
    </None>
    <None Include="Shaders\shadowRay.hlsli">
      <Filter>Shaders</Filter>
    </None>
  </ItemGroup>
</Project>